{
  "name": "babylon_project",
  "version": "1.0.0",
  "lockfileVersion": 1,
  "requires": true,
  "dependencies": {
    "babylonjs": {
      "version": "6.23.0",
      "resolved": "https://engci-maven-master.cisco.com/artifactory/api/npm/apic-em-npm-group/babylonjs/-/babylonjs-6.23.0.tgz",
      "integrity": "sha512-6m/Ujq02pRDXRkCiVKnNjUYw3TSzC3jclpfUjUeuQ6dqpIC8gixjonvzKcFJPEGp0hfoiU6+fACYwESJY41Zhw=="
    },
    "earcut": {
      "version": "2.2.4",
      "resolved": "https://engci-maven-master.cisco.com/artifactory/api/npm/apic-em-npm-group/earcut/-/earcut-2.2.4.tgz",
      "integrity": "sha512-/pjZsA1b4RPHbeWZQn66SWS8nZZWLQQ23oE3Eam7aroEFGEvwKAsJfZ9ytiEMycfzXWpca4FA9QIOehf7PocBQ=="
    }
  }
}
